
Microsoft Visual Studio Solution File, Format Version 12.00
# Visual Studio Version 17
VisualStudioVersion = 17.5.33530.505
MinimumVisualStudioVersion = 10.0.40219.1
Project("{9A19103F-16F7-4668-BE54-9A1E7A4F7556}") = "youtubecategoriesweb", "youtubecategoriesweb\youtubecategoriesweb.csproj", "{6CB6EA5D-E9B1-446C-9F41-19F01BC380DE}"
EndProject
Project("{FAE04EC0-301F-11D3-BF4B-00C04F79EFBC}") = "Repository", "Repository\Repository.csproj", "{1F0B4881-283E-4631-A709-31A8E116D896}"
EndProject
Project("{FAE04EC0-301F-11D3-BF4B-00C04F79EFBC}") = "ReconcileVideoCategories", "ReconcileVideoCategories\ReconcileVideoCategories.csproj", "{2A17220F-7DDD-4CCF-91B7-588DFA35836B}"
EndProject
Global
	GlobalSection(SolutionConfigurationPlatforms) = preSolution
		Debug|Any CPU = Debug|Any CPU
		Release|Any CPU = Release|Any CPU
	EndGlobalSection
	GlobalSection(ProjectConfigurationPlatforms) = postSolution
		{6CB6EA5D-E9B1-446C-9F41-19F01BC380DE}.Debug|Any CPU.ActiveCfg = Debug|Any CPU
		{6CB6EA5D-E9B1-446C-9F41-19F01BC380DE}.Debug|Any CPU.Build.0 = Debug|Any CPU
		{6CB6EA5D-E9B1-446C-9F41-19F01BC380DE}.Release|Any CPU.ActiveCfg = Release|Any CPU
		{6CB6EA5D-E9B1-446C-9F41-19F01BC380DE}.Release|Any CPU.Build.0 = Release|Any CPU
		{1F0B4881-283E-4631-A709-31A8E116D896}.Debug|Any CPU.ActiveCfg = Debug|Any CPU
		{1F0B4881-283E-4631-A709-31A8E116D896}.Debug|Any CPU.Build.0 = Debug|Any CPU
		{1F0B4881-283E-4631-A709-31A8E116D896}.Release|Any CPU.ActiveCfg = Release|Any CPU
		{1F0B4881-283E-4631-A709-31A8E116D896}.Release|Any CPU.Build.0 = Release|Any CPU
		{2A17220F-7DDD-4CCF-91B7-588DFA35836B}.Debug|Any CPU.ActiveCfg = Debug|Any CPU
		{2A17220F-7DDD-4CCF-91B7-588DFA35836B}.Debug|Any CPU.Build.0 = Debug|Any CPU
		{2A17220F-7DDD-4CCF-91B7-588DFA35836B}.Release|Any CPU.ActiveCfg = Release|Any CPU
		{2A17220F-7DDD-4CCF-91B7-588DFA35836B}.Release|Any CPU.Build.0 = Release|Any CPU
	EndGlobalSection
	GlobalSection(SolutionProperties) = preSolution
		HideSolutionNode = FALSE
	EndGlobalSection
	GlobalSection(ExtensibilityGlobals) = postSolution
		SolutionGuid = {BA421037-2E7A-4C58-8408-8BA187DF9D3A}
	EndGlobalSection
EndGlobal
